
Microsoft Visual Studio Solution File, Format Version 12.00
# Visual Studio Version 17
VisualStudioVersion = 17.4.33213.308
MinimumVisualStudioVersion = 10.0.40219.1
Project("{9A19103F-16F7-4668-BE54-9A1E7A4F7556}") = "NUnit_with_Selenium", "AppGreatSelenium\NUnit_with_Selenium.csproj", "{0346C6DA-0A42-48FF-8395-91AC5173829F}"
EndProject
Global
	GlobalSection(SolutionConfigurationPlatforms) = preSolution
		Debug|Any CPU = Debug|Any CPU
		Release|Any CPU = Release|Any CPU
	EndGlobalSection
	GlobalSection(ProjectConfigurationPlatforms) = postSolution
		{0346C6DA-0A42-48FF-8395-91AC5173829F}.Debug|Any CPU.ActiveCfg = Debug|Any CPU
		{0346C6DA-0A42-48FF-8395-91AC5173829F}.Debug|Any CPU.Build.0 = Debug|Any CPU
		{0346C6DA-0A42-48FF-8395-91AC5173829F}.Release|Any CPU.ActiveCfg = Release|Any CPU
		{0346C6DA-0A42-48FF-8395-91AC5173829F}.Release|Any CPU.Build.0 = Release|Any CPU
	EndGlobalSection
	GlobalSection(SolutionProperties) = preSolution
		HideSolutionNode = FALSE
	EndGlobalSection
	GlobalSection(ExtensibilityGlobals) = postSolution
		SolutionGuid = {C3381BE1-4385-4A69-BB55-F348D4501FDA}
	EndGlobalSection
EndGlobal
